
Microsoft Visual Studio Solution File, Format Version 12.00
# Visual Studio Version 16
VisualStudioVersion = 16.0.29209.62
MinimumVisualStudioVersion = 10.0.40219.1
Project("{FAE04EC0-301F-11D3-BF4B-00C04F79EFBC}") = "SWApiLab23", "SWApiLab23.csproj", "{BCBA5BAC-FE13-4B15-8404-68A4C30491F2}"
EndProject
Global
	GlobalSection(SolutionConfigurationPlatforms) = preSolution
		Debug|Any CPU = Debug|Any CPU
		Release|Any CPU = Release|Any CPU
	EndGlobalSection
	GlobalSection(ProjectConfigurationPlatforms) = postSolution
		{BCBA5BAC-FE13-4B15-8404-68A4C30491F2}.Debug|Any CPU.ActiveCfg = Debug|Any CPU
		{BCBA5BAC-FE13-4B15-8404-68A4C30491F2}.Debug|Any CPU.Build.0 = Debug|Any CPU
		{BCBA5BAC-FE13-4B15-8404-68A4C30491F2}.Release|Any CPU.ActiveCfg = Release|Any CPU
		{BCBA5BAC-FE13-4B15-8404-68A4C30491F2}.Release|Any CPU.Build.0 = Release|Any CPU
	EndGlobalSection
	GlobalSection(SolutionProperties) = preSolution
		HideSolutionNode = FALSE
	EndGlobalSection
	GlobalSection(ExtensibilityGlobals) = postSolution
		SolutionGuid = {E120369A-672A-469C-8977-02BAF43972C6}
	EndGlobalSection
EndGlobal
